
Microsoft Visual Studio Solution File, Format Version 12.00
# Visual Studio Version 17
VisualStudioVersion = 17.5.33516.290
MinimumVisualStudioVersion = 10.0.40219.1
Project("{9A19103F-16F7-4668-BE54-9A1E7A4F7556}") = "P2P.Node1", "ConsoleApp2\P2P.Node1.csproj", "{C61AFD35-8FCA-4B23-B1F0-EFDA74D0ECA4}"
EndProject
Project("{9A19103F-16F7-4668-BE54-9A1E7A4F7556}") = "P2P.Node2", "ConsoleApp1.Peer2\P2P.Node2.csproj", "{39C62E59-0B9F-4682-976C-F00F43B7F0CB}"
EndProject
Project("{9A19103F-16F7-4668-BE54-9A1E7A4F7556}") = "Shared", "Shared\Shared.csproj", "{F7066288-96E0-47CD-AAF2-CD815B78AE46}"
EndProject
Project("{9A19103F-16F7-4668-BE54-9A1E7A4F7556}") = "P2P.SeedNode", "P2P.SeedNode\P2P.SeedNode.csproj", "{CADB13C4-F314-432F-B96B-9B97B7098D1F}"
EndProject
Project("{FAE04EC0-301F-11D3-BF4B-00C04F79EFBC}") = "P2P.Node3", "P2P.Node3\P2P.Node3.csproj", "{75BDBA3B-ECF1-4919-977A-067D87D9AC3C}"
EndProject
Global
	GlobalSection(SolutionConfigurationPlatforms) = preSolution
		Debug|Any CPU = Debug|Any CPU
		Release|Any CPU = Release|Any CPU
	EndGlobalSection
	GlobalSection(ProjectConfigurationPlatforms) = postSolution
		{C61AFD35-8FCA-4B23-B1F0-EFDA74D0ECA4}.Debug|Any CPU.ActiveCfg = Debug|Any CPU
		{C61AFD35-8FCA-4B23-B1F0-EFDA74D0ECA4}.Debug|Any CPU.Build.0 = Debug|Any CPU
		{C61AFD35-8FCA-4B23-B1F0-EFDA74D0ECA4}.Release|Any CPU.ActiveCfg = Release|Any CPU
		{C61AFD35-8FCA-4B23-B1F0-EFDA74D0ECA4}.Release|Any CPU.Build.0 = Release|Any CPU
		{39C62E59-0B9F-4682-976C-F00F43B7F0CB}.Debug|Any CPU.ActiveCfg = Debug|Any CPU
		{39C62E59-0B9F-4682-976C-F00F43B7F0CB}.Debug|Any CPU.Build.0 = Debug|Any CPU
		{39C62E59-0B9F-4682-976C-F00F43B7F0CB}.Release|Any CPU.ActiveCfg = Release|Any CPU
		{39C62E59-0B9F-4682-976C-F00F43B7F0CB}.Release|Any CPU.Build.0 = Release|Any CPU
		{F7066288-96E0-47CD-AAF2-CD815B78AE46}.Debug|Any CPU.ActiveCfg = Debug|Any CPU
		{F7066288-96E0-47CD-AAF2-CD815B78AE46}.Debug|Any CPU.Build.0 = Debug|Any CPU
		{F7066288-96E0-47CD-AAF2-CD815B78AE46}.Release|Any CPU.ActiveCfg = Release|Any CPU
		{F7066288-96E0-47CD-AAF2-CD815B78AE46}.Release|Any CPU.Build.0 = Release|Any CPU
		{CADB13C4-F314-432F-B96B-9B97B7098D1F}.Debug|Any CPU.ActiveCfg = Debug|Any CPU
		{CADB13C4-F314-432F-B96B-9B97B7098D1F}.Debug|Any CPU.Build.0 = Debug|Any CPU
		{CADB13C4-F314-432F-B96B-9B97B7098D1F}.Release|Any CPU.ActiveCfg = Release|Any CPU
		{CADB13C4-F314-432F-B96B-9B97B7098D1F}.Release|Any CPU.Build.0 = Release|Any CPU
		{75BDBA3B-ECF1-4919-977A-067D87D9AC3C}.Debug|Any CPU.ActiveCfg = Debug|Any CPU
		{75BDBA3B-ECF1-4919-977A-067D87D9AC3C}.Debug|Any CPU.Build.0 = Debug|Any CPU
		{75BDBA3B-ECF1-4919-977A-067D87D9AC3C}.Release|Any CPU.ActiveCfg = Release|Any CPU
		{75BDBA3B-ECF1-4919-977A-067D87D9AC3C}.Release|Any CPU.Build.0 = Release|Any CPU
	EndGlobalSection
	GlobalSection(SolutionProperties) = preSolution
		HideSolutionNode = FALSE
	EndGlobalSection
	GlobalSection(ExtensibilityGlobals) = postSolution
		SolutionGuid = {0B91B808-38F5-4823-88FB-6DB0B71C7C32}
	EndGlobalSection
EndGlobal
